
Microsoft Visual Studio Solution File, Format Version 12.00
# Visual Studio Version 17
VisualStudioVersion = 17.7.34031.279
MinimumVisualStudioVersion = 10.0.40219.1
Project("{FAE04EC0-301F-11D3-BF4B-00C04F79EFBC}") = "Agency", "Agency.csproj", "{9E6D5A80-06A9-4334-854D-D4E3A8884E30}"
EndProject
Global
	GlobalSection(SolutionConfigurationPlatforms) = preSolution
		Debug|Any CPU = Debug|Any CPU
		Release|Any CPU = Release|Any CPU
	EndGlobalSection
	GlobalSection(ProjectConfigurationPlatforms) = postSolution
		{9E6D5A80-06A9-4334-854D-D4E3A8884E30}.Debug|Any CPU.ActiveCfg = Debug|Any CPU
		{9E6D5A80-06A9-4334-854D-D4E3A8884E30}.Debug|Any CPU.Build.0 = Debug|Any CPU
		{9E6D5A80-06A9-4334-854D-D4E3A8884E30}.Release|Any CPU.ActiveCfg = Release|Any CPU
		{9E6D5A80-06A9-4334-854D-D4E3A8884E30}.Release|Any CPU.Build.0 = Release|Any CPU
	EndGlobalSection
	GlobalSection(SolutionProperties) = preSolution
		HideSolutionNode = FALSE
	EndGlobalSection
	GlobalSection(ExtensibilityGlobals) = postSolution
		SolutionGuid = {82CA1F58-46AD-4657-8D82-C272BA8C976C}
	EndGlobalSection
EndGlobal
